
Microsoft Visual Studio Solution File, Format Version 12.00
# Visual Studio Version 17
VisualStudioVersion = 17.1.32210.238
MinimumVisualStudioVersion = 10.0.40219.1
Project("{9A19103F-16F7-4668-BE54-9A1E7A4F7556}") = "Cynet", "Cynet\Cynet.csproj", "{4DCA8429-ACBC-4BC1-995E-97E65EE86AC8}"
EndProject
Project("{9A19103F-16F7-4668-BE54-9A1E7A4F7556}") = "Cynet.Domain", "Cynet.Domain\Cynet.Domain.csproj", "{E7E22C4E-68BF-4EAB-896D-57DD0D617063}"
EndProject
Project("{9A19103F-16F7-4668-BE54-9A1E7A4F7556}") = "Cynet.EF", "Cynet.EF\Cynet.EF.csproj", "{8F700F0A-3201-44CE-91D5-7D9CDC991045}"
EndProject
Project("{9A19103F-16F7-4668-BE54-9A1E7A4F7556}") = "Cynet.Common", "Cynet.Common\Cynet.Common.csproj", "{C5946591-5988-4B35-A45D-83501CD3EA1D}"
EndProject
Project("{9A19103F-16F7-4668-BE54-9A1E7A4F7556}") = "Cynet.Tests", "Cynet.Tests\Cynet.Tests.csproj", "{C623706E-56E0-4DBB-970D-80C63195B8C7}"
EndProject
Project("{2150E333-8FDC-42A3-9474-1A3956D46DE8}") = "Solution Items", "Solution Items", "{094C8BD8-32F5-4C3D-9616-68B283B61133}"
	ProjectSection(SolutionItems) = preProject
		docker-compose.yml = docker-compose.yml
	EndProjectSection
EndProject
Global
	GlobalSection(SolutionConfigurationPlatforms) = preSolution
		Debug|Any CPU = Debug|Any CPU
		Release|Any CPU = Release|Any CPU
	EndGlobalSection
	GlobalSection(ProjectConfigurationPlatforms) = postSolution
		{4DCA8429-ACBC-4BC1-995E-97E65EE86AC8}.Debug|Any CPU.ActiveCfg = Debug|Any CPU
		{4DCA8429-ACBC-4BC1-995E-97E65EE86AC8}.Debug|Any CPU.Build.0 = Debug|Any CPU
		{4DCA8429-ACBC-4BC1-995E-97E65EE86AC8}.Release|Any CPU.ActiveCfg = Release|Any CPU
		{4DCA8429-ACBC-4BC1-995E-97E65EE86AC8}.Release|Any CPU.Build.0 = Release|Any CPU
		{E7E22C4E-68BF-4EAB-896D-57DD0D617063}.Debug|Any CPU.ActiveCfg = Debug|Any CPU
		{E7E22C4E-68BF-4EAB-896D-57DD0D617063}.Debug|Any CPU.Build.0 = Debug|Any CPU
		{E7E22C4E-68BF-4EAB-896D-57DD0D617063}.Release|Any CPU.ActiveCfg = Release|Any CPU
		{E7E22C4E-68BF-4EAB-896D-57DD0D617063}.Release|Any CPU.Build.0 = Release|Any CPU
		{8F700F0A-3201-44CE-91D5-7D9CDC991045}.Debug|Any CPU.ActiveCfg = Debug|Any CPU
		{8F700F0A-3201-44CE-91D5-7D9CDC991045}.Debug|Any CPU.Build.0 = Debug|Any CPU
		{8F700F0A-3201-44CE-91D5-7D9CDC991045}.Release|Any CPU.ActiveCfg = Release|Any CPU
		{8F700F0A-3201-44CE-91D5-7D9CDC991045}.Release|Any CPU.Build.0 = Release|Any CPU
		{C5946591-5988-4B35-A45D-83501CD3EA1D}.Debug|Any CPU.ActiveCfg = Debug|Any CPU
		{C5946591-5988-4B35-A45D-83501CD3EA1D}.Debug|Any CPU.Build.0 = Debug|Any CPU
		{C5946591-5988-4B35-A45D-83501CD3EA1D}.Release|Any CPU.ActiveCfg = Release|Any CPU
		{C5946591-5988-4B35-A45D-83501CD3EA1D}.Release|Any CPU.Build.0 = Release|Any CPU
		{C623706E-56E0-4DBB-970D-80C63195B8C7}.Debug|Any CPU.ActiveCfg = Debug|Any CPU
		{C623706E-56E0-4DBB-970D-80C63195B8C7}.Debug|Any CPU.Build.0 = Debug|Any CPU
		{C623706E-56E0-4DBB-970D-80C63195B8C7}.Release|Any CPU.ActiveCfg = Release|Any CPU
		{C623706E-56E0-4DBB-970D-80C63195B8C7}.Release|Any CPU.Build.0 = Release|Any CPU
	EndGlobalSection
	GlobalSection(SolutionProperties) = preSolution
		HideSolutionNode = FALSE
	EndGlobalSection
	GlobalSection(ExtensibilityGlobals) = postSolution
		SolutionGuid = {0B3D9769-392C-495B-8F11-6D3E86B777BB}
	EndGlobalSection
EndGlobal
